{
  "version": 4,
  "terraform_version": "1.9.2",
  "serial": 490,
  "lineage": "8f809f6c-0f1e-4776-f628-4b3310c0540e",
  "outputs": {},
  "resources": [
    {
      "module": "module.instance",
      "mode": "managed",
      "type": "openstack_compute_instance_v2",
      "name": "instance",
      "provider": "provider[\"registry.terraform.io/terraform-provider-openstack/openstack\"]",
      "instances": [
        {
          "status": "tainted",
          "schema_version": 0,
          "attributes": {
            "access_ip_v4": null,
            "access_ip_v6": null,
            "admin_pass": null,
            "all_metadata": null,
            "all_tags": [],
            "availability_zone": null,
            "availability_zone_hints": null,
            "block_device": [
              {
                "boot_index": 0,
                "delete_on_termination": true,
                "destination_type": "volume",
                "device_type": "",
                "disk_bus": "",
                "guest_format": "",
                "multiattach": false,
                "source_type": "image",
                "uuid": "41c402e4-e1cf-4f42-b928-898c8c960b09",
                "volume_size": 20,
                "volume_type": ""
              }
            ],
            "config_drive": null,
            "created": null,
            "flavor_id": null,
            "flavor_name": "zdm",
            "force_delete": false,
            "id": "b3004e97-9c92-4fd1-a693-534771bd4ba8",
            "image_id": null,
            "image_name": null,
            "key_pair": null,
            "metadata": null,
            "name": "HS_TEST_VM(created by terraform)",
            "network": [
              {
                "access_network": false,
                "fixed_ip_v4": "",
                "fixed_ip_v6": "",
                "mac": "",
                "name": "",
                "port": "",
                "uuid": "625ad663-7929-4f79-abd2-28a8cb64b515"
              }
            ],
            "network_mode": null,
            "personality": [],
            "power_state": "active",
            "region": null,
            "scheduler_hints": [],
            "security_groups": [
              "5a4d0e11-ffa3-40a5-b6a3-9be298633e47"
            ],
            "stop_before_destroy": false,
            "tags": null,
            "timeouts": null,
            "updated": null,
            "user_data": "abf897cb6e308d88b756b43fef5571faf07a913c",
            "vendor_options": []
          },
          "sensitive_attributes": [
            [
              {
                "type": "get_attr",
                "value": "admin_pass"
              }
            ]
          ],
          "private": "eyJlMmJmYjczMC1lY2FhLTExZTYtOGY4OC0zNDM2M2JjN2M0YzAiOnsiY3JlYXRlIjoxODAwMDAwMDAwMDAwLCJkZWxldGUiOjE4MDAwMDAwMDAwMDAsInVwZGF0ZSI6MTgwMDAwMDAwMDAwMH19",
          "dependencies": [
            "module.instance.module.flavor.data.openstack_compute_flavor_v2.available_flavor",
            "module.instance.module.floating_ip.openstack_networking_floatingip_v2.this",
            "module.instance.module.network.data.openstack_networking_network_v2.existing_network",
            "module.instance.module.network.data.openstack_networking_subnet_v2.existing_subnet",
            "module.instance.module.security_group.data.openstack_networking_secgroup_v2.existing_secgroups",
            "module.instance.module.volume.openstack_blockstorage_volume_v3.additional_disk"
          ]
        }
      ]
    },
    {
      "module": "module.instance.module.flavor",
      "mode": "data",
      "type": "openstack_compute_flavor_v2",
      "name": "available_flavor",
      "provider": "provider[\"registry.terraform.io/terraform-provider-openstack/openstack\"]",
      "instances": [
        {
          "schema_version": 0,
          "attributes": {
            "description": "",
            "disk": 50,
            "extra_specs": {},
            "flavor_id": "39e318dc-88d5-4820-9a8b-4e4ea194c3ec",
            "id": "39e318dc-88d5-4820-9a8b-4e4ea194c3ec",
            "is_public": true,
            "min_disk": null,
            "min_ram": null,
            "name": "zdm",
            "ram": 4000,
            "region": null,
            "rx_tx_factor": 1,
            "swap": 0,
            "vcpus": 2
          },
          "sensitive_attributes": []
        }
      ]
    },
    {
      "module": "module.instance.module.floating_ip",
      "mode": "managed",
      "type": "openstack_networking_floatingip_v2",
      "name": "this",
      "provider": "provider[\"registry.terraform.io/terraform-provider-openstack/openstack\"]",
      "instances": [
        {
          "schema_version": 0,
          "attributes": {
            "address": "192.168.2.107",
            "all_tags": [
              "HS_TEST_VM(created by terraform)"
            ],
            "description": "HS_TEST_VM(created by terraform)`s IP",
            "dns_domain": "",
            "dns_name": "",
            "fixed_ip": "",
            "id": "8f6c033b-aedb-4f42-a7e0-5a171b896d10",
            "pool": "external",
            "port_id": "",
            "region": "RegionOne",
            "subnet_id": null,
            "subnet_ids": null,
            "tags": [
              "HS_TEST_VM(created by terraform)"
            ],
            "tenant_id": "451ba464ae8a43d0af140f27085e014e",
            "timeouts": null,
            "value_specs": null
          },
          "sensitive_attributes": [],
          "private": "eyJlMmJmYjczMC1lY2FhLTExZTYtOGY4OC0zNDM2M2JjN2M0YzAiOnsiY3JlYXRlIjo2MDAwMDAwMDAwMDAsImRlbGV0ZSI6NjAwMDAwMDAwMDAwfX0="
        }
      ]
    },
    {
      "module": "module.instance.module.network",
      "mode": "data",
      "type": "openstack_networking_network_v2",
      "name": "existing_network",
      "provider": "provider[\"registry.terraform.io/terraform-provider-openstack/openstack\"]",
      "instances": [
        {
          "schema_version": 0,
          "attributes": {
            "admin_state_up": "true",
            "all_tags": [],
            "availability_zone_hints": [],
            "description": "",
            "dns_domain": "",
            "external": true,
            "id": "625ad663-7929-4f79-abd2-28a8cb64b515",
            "matching_subnet_cidr": null,
            "mtu": 1500,
            "name": "external",
            "network_id": null,
            "region": "RegionOne",
            "segments": [
              {
                "network_type": "flat",
                "physical_network": "provider",
                "segmentation_id": 0
              }
            ],
            "shared": "true",
            "status": null,
            "subnets": [
              "46c8c4f5-3141-429e-8621-fe32de11fdad"
            ],
            "tags": null,
            "tenant_id": "451ba464ae8a43d0af140f27085e014e",
            "transparent_vlan": false
          },
          "sensitive_attributes": []
        }
      ]
    },
    {
      "module": "module.instance.module.network",
      "mode": "data",
      "type": "openstack_networking_subnet_v2",
      "name": "existing_subnet",
      "provider": "provider[\"registry.terraform.io/terraform-provider-openstack/openstack\"]",
      "instances": [
        {
          "schema_version": 0,
          "attributes": {
            "all_tags": [],
            "allocation_pools": [
              {
                "end": "192.168.2.200",
                "start": "192.168.2.100"
              }
            ],
            "cidr": "192.168.0.0/22",
            "description": "",
            "dhcp_enabled": null,
            "dns_nameservers": [],
            "dns_publish_fixed_ip": false,
            "enable_dhcp": true,
            "gateway_ip": "192.168.0.1",
            "host_routes": [],
            "id": "46c8c4f5-3141-429e-8621-fe32de11fdad",
            "ip_version": 4,
            "ipv6_address_mode": "",
            "ipv6_ra_mode": "",
            "name": "external",
            "network_id": "625ad663-7929-4f79-abd2-28a8cb64b515",
            "region": "RegionOne",
            "service_types": [],
            "subnet_id": null,
            "subnetpool_id": "",
            "tags": null,
            "tenant_id": "451ba464ae8a43d0af140f27085e014e"
          },
          "sensitive_attributes": []
        }
      ]
    },
    {
      "module": "module.instance.module.security_group",
      "mode": "data",
      "type": "openstack_networking_secgroup_v2",
      "name": "existing_secgroups",
      "provider": "provider[\"registry.terraform.io/terraform-provider-openstack/openstack\"]",
      "instances": [
        {
          "index_key": "ZCM",
          "schema_version": 0,
          "attributes": {
            "all_tags": [],
            "description": "",
            "id": "5a4d0e11-ffa3-40a5-b6a3-9be298633e47",
            "name": "ZCM",
            "region": "RegionOne",
            "secgroup_id": null,
            "stateful": true,
            "tags": null,
            "tenant_id": "451ba464ae8a43d0af140f27085e014e"
          },
          "sensitive_attributes": []
        }
      ]
    },
    {
      "module": "module.instance.module.volume",
      "mode": "managed",
      "type": "openstack_blockstorage_volume_v3",
      "name": "additional_disk",
      "provider": "provider[\"registry.terraform.io/terraform-provider-openstack/openstack\"]",
      "instances": [
        {
          "index_key": 0,
          "schema_version": 0,
          "attributes": {
            "attachment": [],
            "availability_zone": "nova",
            "backup_id": "",
            "consistency_group_id": null,
            "description": "Additional volume for HS_TEST_VM(created by terraform)",
            "enable_online_resize": null,
            "id": "587ce85f-3725-4c07-a161-8e117bfbb743",
            "image_id": null,
            "metadata": {},
            "name": "HS_TEST_VM(created by terraform)-disk-1",
            "region": "RegionOne",
            "scheduler_hints": [],
            "size": 20,
            "snapshot_id": "",
            "source_replica": null,
            "source_vol_id": "",
            "timeouts": null,
            "volume_type": "__DEFAULT__"
          },
          "sensitive_attributes": [],
          "private": "eyJlMmJmYjczMC1lY2FhLTExZTYtOGY4OC0zNDM2M2JjN2M0YzAiOnsiY3JlYXRlIjo2MDAwMDAwMDAwMDAsImRlbGV0ZSI6NjAwMDAwMDAwMDAwfX0="
        }
      ]
    }
  ],
  "check_results": null
}
