{
  "version": 4,
  "terraform_version": "1.10.3",
  "serial": 597,
  "lineage": "8f809f6c-0f1e-4776-f628-4b3310c0540e",
  "outputs": {},
  "resources": [
    {
      "module": "module.instance",
      "mode": "managed",
      "type": "openstack_compute_instance_v2",
      "name": "instance",
      "provider": "provider[\"registry.terraform.io/terraform-provider-openstack/openstack\"]",
      "instances": [
        {
          "schema_version": 0,
          "attributes": {
            "access_ip_v4": "10.0.0.246",
            "access_ip_v6": "",
            "admin_pass": null,
            "all_metadata": {
              "created_by": "terraform",
              "instance_name": "HS-TEST-VM-created-by-terraform"
            },
            "all_tags": [],
            "availability_zone": "nova",
            "availability_zone_hints": null,
            "block_device": [
              {
                "boot_index": 0,
                "delete_on_termination": true,
                "destination_type": "volume",
                "device_type": "",
                "disk_bus": "",
                "guest_format": "",
                "multiattach": false,
                "source_type": "image",
                "uuid": "6bcc1303-48ac-4723-8d53-c88136c95be7",
                "volume_size": 20,
                "volume_type": ""
              }
            ],
            "config_drive": null,
            "created": "2025-05-30 08:37:23 +0000 UTC",
            "flavor_id": "27008444-3320-46b6-9129-962666130aa9",
            "flavor_name": "m1.small2",
            "force_delete": false,
            "hypervisor_hostname": "node1",
            "id": "0c68cc62-6c69-465b-8358-2c971bdef853",
            "image_id": "Attempt to boot from volume - no image supplied",
            "image_name": null,
            "key_pair": "",
            "metadata": {
              "created_by": "terraform",
              "instance_name": "HS-TEST-VM-created-by-terraform"
            },
            "name": "HS-TEST-VM-created-by-terraform",
            "network": [
              {
                "access_network": false,
                "fixed_ip_v4": "10.0.0.246",
                "fixed_ip_v6": "",
                "mac": "fa:16:3e:f5:f4:41",
                "name": "private",
                "port": "",
                "uuid": "a5fc4cdf-2df7-403f-b887-0bee8e481d6f"
              }
            ],
            "network_mode": null,
            "personality": [],
            "power_state": "active",
            "region": "RegionOne",
            "scheduler_hints": [],
            "security_groups": [
              "default"
            ],
            "stop_before_destroy": false,
            "tags": [],
            "timeouts": null,
            "updated": "2025-05-30 08:39:01 +0000 UTC",
            "user_data": "abf897cb6e308d88b756b43fef5571faf07a913c",
            "vendor_options": []
          },
          "sensitive_attributes": [
            [
              {
                "type": "get_attr",
                "value": "admin_pass"
              }
            ]
          ],
          "private": "eyJlMmJmYjczMC1lY2FhLTExZTYtOGY4OC0zNDM2M2JjN2M0YzAiOnsiY3JlYXRlIjoxODAwMDAwMDAwMDAwLCJkZWxldGUiOjE4MDAwMDAwMDAwMDAsInVwZGF0ZSI6MTgwMDAwMDAwMDAwMH19",
          "dependencies": [
            "module.instance.module.flavor.data.openstack_compute_flavor_v2.available_flavor",
            "module.instance.module.network.data.openstack_networking_network_v2.existing_network",
            "module.instance.module.network.data.openstack_networking_subnet_v2.existing_subnet",
            "module.instance.module.security_group.data.openstack_networking_secgroup_v2.existing_security_groups",
            "module.instance.module.security_group.openstack_networking_secgroup_rule_v2.icmp_ingress",
            "module.instance.module.security_group.openstack_networking_secgroup_rule_v2.ssh_ingress",
            "module.instance.module.security_group.openstack_networking_secgroup_v2.new_security_groups",
            "module.instance.module.volume.openstack_blockstorage_volume_v3.additional_disk"
          ]
        }
      ]
    },
    {
      "module": "module.instance.module.flavor",
      "mode": "data",
      "type": "openstack_compute_flavor_v2",
      "name": "available_flavor",
      "provider": "provider[\"registry.terraform.io/terraform-provider-openstack/openstack\"]",
      "instances": [
        {
          "schema_version": 0,
          "attributes": {
            "description": "",
            "disk": 20,
            "extra_specs": {},
            "flavor_id": "27008444-3320-46b6-9129-962666130aa9",
            "id": "27008444-3320-46b6-9129-962666130aa9",
            "is_public": true,
            "min_disk": null,
            "min_ram": null,
            "name": "m1.small2",
            "ram": 2048,
            "region": null,
            "rx_tx_factor": 1,
            "swap": 0,
            "vcpus": 1
          },
          "sensitive_attributes": []
        }
      ]
    },
    {
      "module": "module.instance.module.network",
      "mode": "data",
      "type": "openstack_networking_network_v2",
      "name": "existing_network",
      "provider": "provider[\"registry.terraform.io/terraform-provider-openstack/openstack\"]",
      "instances": [
        {
          "schema_version": 0,
          "attributes": {
            "admin_state_up": "true",
            "all_tags": [],
            "availability_zone_hints": [],
            "description": "",
            "dns_domain": "",
            "external": false,
            "id": "a5fc4cdf-2df7-403f-b887-0bee8e481d6f",
            "matching_subnet_cidr": null,
            "mtu": 1450,
            "name": "private",
            "network_id": null,
            "region": "RegionOne",
            "segments": [
              {
                "network_type": "vxlan",
                "physical_network": "",
                "segmentation_id": 964
              }
            ],
            "shared": "false",
            "status": null,
            "subnets": [
              "ead163cd-1c32-4590-a1da-7ea664a5d7fd"
            ],
            "tags": null,
            "tenant_id": "8dcd9ca0b2ba47cf8f7e47e6dd1671d5",
            "transparent_vlan": false
          },
          "sensitive_attributes": []
        }
      ]
    },
    {
      "module": "module.instance.module.network",
      "mode": "data",
      "type": "openstack_networking_subnet_v2",
      "name": "existing_subnet",
      "provider": "provider[\"registry.terraform.io/terraform-provider-openstack/openstack\"]",
      "instances": [
        {
          "schema_version": 0,
          "attributes": {
            "all_tags": [],
            "allocation_pools": [
              {
                "end": "10.0.0.254",
                "start": "10.0.0.2"
              }
            ],
            "cidr": "10.0.0.0/24",
            "description": "",
            "dhcp_enabled": null,
            "dns_nameservers": [],
            "dns_publish_fixed_ip": false,
            "enable_dhcp": true,
            "gateway_ip": "10.0.0.1",
            "host_routes": [],
            "id": "ead163cd-1c32-4590-a1da-7ea664a5d7fd",
            "ip_version": 4,
            "ipv6_address_mode": "",
            "ipv6_ra_mode": "",
            "name": "pri_sub",
            "network_id": "a5fc4cdf-2df7-403f-b887-0bee8e481d6f",
            "region": "RegionOne",
            "service_types": [],
            "subnet_id": null,
            "subnetpool_id": "",
            "tags": null,
            "tenant_id": "8dcd9ca0b2ba47cf8f7e47e6dd1671d5"
          },
          "sensitive_attributes": []
        }
      ]
    },
    {
      "module": "module.instance.module.security_group",
      "mode": "data",
      "type": "openstack_networking_secgroup_v2",
      "name": "existing_security_groups",
      "provider": "provider[\"registry.terraform.io/terraform-provider-openstack/openstack\"]",
      "instances": [
        {
          "index_key": "default",
          "schema_version": 0,
          "attributes": {
            "all_tags": [],
            "description": "Default security group",
            "id": "d3816c98-bcfc-4f67-bea1-3d660ec70492",
            "name": "default",
            "region": "RegionOne",
            "secgroup_id": null,
            "stateful": true,
            "tags": null,
            "tenant_id": "8dcd9ca0b2ba47cf8f7e47e6dd1671d5"
          },
          "sensitive_attributes": []
        }
      ]
    },
    {
      "module": "module.instance.module.volume",
      "mode": "managed",
      "type": "openstack_blockstorage_volume_v3",
      "name": "additional_disk",
      "provider": "provider[\"registry.terraform.io/terraform-provider-openstack/openstack\"]",
      "instances": [
        {
          "index_key": 0,
          "schema_version": 0,
          "attributes": {
            "attachment": [
              {
                "device": "/dev/vdb",
                "id": "551c2852-b87b-4e21-8d39-64091d8722f7",
                "instance_id": "0c68cc62-6c69-465b-8358-2c971bdef853"
              }
            ],
            "availability_zone": "nova",
            "backup_id": "",
            "consistency_group_id": null,
            "description": "Additional volume for HS-TEST-VM-created-by-terraform",
            "enable_online_resize": null,
            "id": "551c2852-b87b-4e21-8d39-64091d8722f7",
            "image_id": null,
            "metadata": {
              "created_by": "terraform",
              "disk_index": "1",
              "instance_name": "HS-TEST-VM-created-by-terraform"
            },
            "name": "HS-TEST-VM-created-by-terraform-disk-1",
            "region": "RegionOne",
            "scheduler_hints": [],
            "size": 20,
            "snapshot_id": "",
            "source_replica": null,
            "source_vol_id": "",
            "timeouts": null,
            "volume_retype_policy": "never",
            "volume_type": "__DEFAULT__"
          },
          "sensitive_attributes": [],
          "private": "eyJlMmJmYjczMC1lY2FhLTExZTYtOGY4OC0zNDM2M2JjN2M0YzAiOnsiY3JlYXRlIjo2MDAwMDAwMDAwMDAsImRlbGV0ZSI6NjAwMDAwMDAwMDAwfX0="
        }
      ]
    }
  ],
  "check_results": [
    {
      "object_kind": "var",
      "config_addr": "var.user_data_file_path",
      "status": "unknown",
      "objects": null
    },
    {
      "object_kind": "var",
      "config_addr": "var.subnet_name",
      "status": "unknown",
      "objects": null
    },
    {
      "object_kind": "var",
      "config_addr": "var.cpu",
      "status": "unknown",
      "objects": null
    },
    {
      "object_kind": "var",
      "config_addr": "module.instance.module.security_group.var.security_group_names",
      "status": "unknown",
      "objects": null
    },
    {
      "object_kind": "var",
      "config_addr": "var.project_id",
      "status": "unknown",
      "objects": null
    },
    {
      "object_kind": "var",
      "config_addr": "var.volume_size",
      "status": "unknown",
      "objects": null
    },
    {
      "object_kind": "var",
      "config_addr": "var.credentials_file_path",
      "status": "unknown",
      "objects": [
        {
          "object_addr": "var.credentials_file_path",
          "status": "unknown"
        }
      ]
    },
    {
      "object_kind": "var",
      "config_addr": "module.instance.module.volume.var.volume_type",
      "status": "unknown",
      "objects": null
    },
    {
      "object_kind": "var",
      "config_addr": "var.allowed_ssh_cidr",
      "status": "unknown",
      "objects": null
    },
    {
      "object_kind": "var",
      "config_addr": "var.instance_name",
      "status": "unknown",
      "objects": null
    },
    {
      "object_kind": "var",
      "config_addr": "var.security_group_names",
      "status": "unknown",
      "objects": null
    },
    {
      "object_kind": "var",
      "config_addr": "var.flavor_id",
      "status": "unknown",
      "objects": null
    },
    {
      "object_kind": "var",
      "config_addr": "module.instance.module.volume.var.disk_sizes",
      "status": "unknown",
      "objects": null
    },
    {
      "object_kind": "var",
      "config_addr": "var.memory",
      "status": "unknown",
      "objects": null
    },
    {
      "object_kind": "var",
      "config_addr": "module.instance.module.volume.var.instance_name",
      "status": "unknown",
      "objects": null
    },
    {
      "object_kind": "var",
      "config_addr": "module.instance.module.security_group.var.allowed_ssh_cidr",
      "status": "unknown",
      "objects": null
    },
    {
      "object_kind": "var",
      "config_addr": "var.network_name",
      "status": "unknown",
      "objects": null
    },
    {
      "object_kind": "var",
      "config_addr": "var.additional_volumes",
      "status": "unknown",
      "objects": null
    },
    {
      "object_kind": "var",
      "config_addr": "var.image_uuid",
      "status": "unknown",
      "objects": null
    }
  ]
}
